// !$*UTF8*$!
{
	archiveVersion = 1;
	classes = {
	};
	objectVersion = 56;
	objects = {

/* Begin PBXBuildFile section */
		2A15FE992D471077001B873D /* Morse_Code_EncoderApp.swift in Sources */ = {isa = PBXBuildFile; fileRef = 2A15FE982D471077001B873D /* Morse_Code_EncoderApp.swift */; };
		2A15FE9B2D471077001B873D /* ContentView.swift in Sources */ = {isa = PBXBuildFile; fileRef = 2A15FE9A2D471077001B873D /* ContentView.swift */; };
		2A15FE9D2D471079001B873D /* Assets.xcassets in Resources */ = {isa = PBXBuildFile; fileRef = 2A15FE9C2D471079001B873D /* Assets.xcassets */; };
		2A15FEA12D471079001B873D /* Preview Assets.xcassets in Resources */ = {isa = PBXBuildFile; fileRef = 2A15FEA02D471079001B873D /* Preview Assets.xcassets */; };
		2A15FEAB2D471079001B873D /* Morse_Code_EncoderTests.swift in Sources */ = {isa = PBXBuildFile; fileRef = 2A15FEAA2D471079001B873D /* Morse_Code_EncoderTests.swift */; };
		2A15FEB52D471079001B873D /* Morse_Code_EncoderUITests.swift in Sources */ = {isa = PBXBuildFile; fileRef = 2A15FEB42D471079001B873D /* Morse_Code_EncoderUITests.swift */; };
		2A15FEB72D471079001B873D /* Morse_Code_EncoderUITestsLaunchTests.swift in Sources */ = {isa = PBXBuildFile; fileRef = 2A15FEB62D471079001B873D /* Morse_Code_EncoderUITestsLaunchTests.swift */; };
		2A15FEC42D553C53001B873D /* TranslatingView.swift in Sources */ = {isa = PBXBuildFile; fileRef = 2A15FEC32D553C53001B873D /* TranslatingView.swift */; };
		2A15FEC82D553DCC001B873D /* MorseCode.swift in Sources */ = {isa = PBXBuildFile; fileRef = 2A15FEC72D553DCC001B873D /* MorseCode.swift */; };
		2A15FECA2D553DEF001B873D /* FlashlightService.swift in Sources */ = {isa = PBXBuildFile; fileRef = 2A15FEC92D553DEF001B873D /* FlashlightService.swift */; };
/* End PBXBuildFile section */

/* Begin PBXContainerItemProxy section */
		2A15FEA72D471079001B873D /* PBXContainerItemProxy */ = {
			isa = PBXContainerItemProxy;
			containerPortal = 2A15FE8D2D471077001B873D /* Project object */;
			proxyType = 1;
			remoteGlobalIDString = 2A15FE942D471077001B873D;
			remoteInfo = "Morse Code Encoder";
		};
		2A15FEB12D471079001B873D /* PBXContainerItemProxy */ = {
			isa = PBXContainerItemProxy;
			containerPortal = 2A15FE8D2D471077001B873D /* Project object */;
			proxyType = 1;
			remoteGlobalIDString = 2A15FE942D471077001B873D;
			remoteInfo = "Morse Code Encoder";
		};
/* End PBXContainerItemProxy section */

/* Begin PBXFileReference section */
		2A15FE952D471077001B873D /* Morse Code Encoder.app */ = {isa = PBXFileReference; explicitFileType = wrapper.application; includeInIndex = 0; path = "Morse Code Encoder.app"; sourceTree = BUILT_PRODUCTS_DIR; };
		2A15FE982D471077001B873D /* Morse_Code_EncoderApp.swift */ = {isa = PBXFileReference; lastKnownFileType = sourcecode.swift; path = Morse_Code_EncoderApp.swift; sourceTree = "<group>"; };
		2A15FE9A2D471077001B873D /* ContentView.swift */ = {isa = PBXFileReference; lastKnownFileType = sourcecode.swift; path = ContentView.swift; sourceTree = "<group>"; };
		2A15FE9C2D471079001B873D /* Assets.xcassets */ = {isa = PBXFileReference; lastKnownFileType = folder.assetcatalog; path = Assets.xcassets; sourceTree = "<group>"; };
		2A15FE9E2D471079001B873D /* Morse_Code_Encoder.entitlements */ = {isa = PBXFileReference; lastKnownFileType = text.plist.entitlements; path = Morse_Code_Encoder.entitlements; sourceTree = "<group>"; };
		2A15FEA02D471079001B873D /* Preview Assets.xcassets */ = {isa = PBXFileReference; lastKnownFileType = folder.assetcatalog; path = "Preview Assets.xcassets"; sourceTree = "<group>"; };
		2A15FEA62D471079001B873D /* Morse Code EncoderTests.xctest */ = {isa = PBXFileReference; explicitFileType = wrapper.cfbundle; includeInIndex = 0; path = "Morse Code EncoderTests.xctest"; sourceTree = BUILT_PRODUCTS_DIR; };
		2A15FEAA2D471079001B873D /* Morse_Code_EncoderTests.swift */ = {isa = PBXFileReference; lastKnownFileType = sourcecode.swift; path = Morse_Code_EncoderTests.swift; sourceTree = "<group>"; };
		2A15FEB02D471079001B873D /* Morse Code EncoderUITests.xctest */ = {isa = PBXFileReference; explicitFileType = wrapper.cfbundle; includeInIndex = 0; path = "Morse Code EncoderUITests.xctest"; sourceTree = BUILT_PRODUCTS_DIR; };
		2A15FEB42D471079001B873D /* Morse_Code_EncoderUITests.swift */ = {isa = PBXFileReference; lastKnownFileType = sourcecode.swift; path = Morse_Code_EncoderUITests.swift; sourceTree = "<group>"; };
		2A15FEB62D471079001B873D /* Morse_Code_EncoderUITestsLaunchTests.swift */ = {isa = PBXFileReference; lastKnownFileType = sourcecode.swift; path = Morse_Code_EncoderUITestsLaunchTests.swift; sourceTree = "<group>"; };
		2A15FEC32D553C53001B873D /* TranslatingView.swift */ = {isa = PBXFileReference; lastKnownFileType = sourcecode.swift; path = TranslatingView.swift; sourceTree = "<group>"; };
		2A15FEC72D553DCC001B873D /* MorseCode.swift */ = {isa = PBXFileReference; lastKnownFileType = sourcecode.swift; path = MorseCode.swift; sourceTree = "<group>"; };
		2A15FEC92D553DEF001B873D /* FlashlightService.swift */ = {isa = PBXFileReference; lastKnownFileType = sourcecode.swift; path = FlashlightService.swift; sourceTree = "<group>"; };
/* End PBXFileReference section */

/* Begin PBXFrameworksBuildPhase section */
		2A15FE922D471077001B873D /* Frameworks */ = {
			isa = PBXFrameworksBuildPhase;
			buildActionMask = 2147483647;
			files = (
			);
			runOnlyForDeploymentPostprocessing = 0;
		};
		2A15FEA32D471079001B873D /* Frameworks */ = {
			isa = PBXFrameworksBuildPhase;
			buildActionMask = 2147483647;
			files = (
			);
			runOnlyForDeploymentPostprocessing = 0;
		};
		2A15FEAD2D471079001B873D /* Frameworks */ = {
			isa = PBXFrameworksBuildPhase;
			buildActionMask = 2147483647;
			files = (
			);
			runOnlyForDeploymentPostprocessing = 0;
		};
/* End PBXFrameworksBuildPhase section */

/* Begin PBXGroup section */
		2A15FE8C2D471077001B873D = {
			isa = PBXGroup;
			children = (
				2A15FE972D471077001B873D /* Morse Code Encoder */,
				2A15FEA92D471079001B873D /* Morse Code EncoderTests */,
				2A15FEB32D471079001B873D /* Morse Code EncoderUITests */,
				2A15FE962D471077001B873D /* Products */,
			);
			sourceTree = "<group>";
		};
		2A15FE962D471077001B873D /* Products */ = {
			isa = PBXGroup;
			children = (
				2A15FE952D471077001B873D /* Morse Code Encoder.app */,
				2A15FEA62D471079001B873D /* Morse Code EncoderTests.xctest */,
				2A15FEB02D471079001B873D /* Morse Code EncoderUITests.xctest */,
			);
			name = Products;
			sourceTree = "<group>";
		};
		2A15FE972D471077001B873D /* Morse Code Encoder */ = {
			isa = PBXGroup;
			children = (
				2A15FE982D471077001B873D /* Morse_Code_EncoderApp.swift */,
				2A15FE9A2D471077001B873D /* ContentView.swift */,
				2A15FEC92D553DEF001B873D /* FlashlightService.swift */,
				2A15FEC72D553DCC001B873D /* MorseCode.swift */,
				2A15FEC32D553C53001B873D /* TranslatingView.swift */,
				2A15FE9C2D471079001B873D /* Assets.xcassets */,
				2A15FE9E2D471079001B873D /* Morse_Code_Encoder.entitlements */,
				2A15FE9F2D471079001B873D /* Preview Content */,
			);
			path = "Morse Code Encoder";
			sourceTree = "<group>";
		};
		2A15FE9F2D471079001B873D /* Preview Content */ = {
			isa = PBXGroup;
			children = (
				2A15FEA02D471079001B873D /* Preview Assets.xcassets */,
			);
			path = "Preview Content";
			sourceTree = "<group>";
		};
		2A15FEA92D471079001B873D /* Morse Code EncoderTests */ = {
			isa = PBXGroup;
			children = (
				2A15FEAA2D471079001B873D /* Morse_Code_EncoderTests.swift */,
			);
			path = "Morse Code EncoderTests";
			sourceTree = "<group>";
		};
		2A15FEB32D471079001B873D /* Morse Code EncoderUITests */ = {
			isa = PBXGroup;
			children = (
				2A15FEB42D471079001B873D /* Morse_Code_EncoderUITests.swift */,
				2A15FEB62D471079001B873D /* Morse_Code_EncoderUITestsLaunchTests.swift */,
			);
			path = "Morse Code EncoderUITests";
			sourceTree = "<group>";
		};
/* End PBXGroup section */

/* Begin PBXNativeTarget section */
		2A15FE942D471077001B873D /* Morse Code Encoder */ = {
			isa = PBXNativeTarget;
			buildConfigurationList = 2A15FEBA2D471079001B873D /* Build configuration list for PBXNativeTarget "Morse Code Encoder" */;
			buildPhases = (
				2A15FE912D471077001B873D /* Sources */,
				2A15FE922D471077001B873D /* Frameworks */,
				2A15FE932D471077001B873D /* Resources */,
			);
			buildRules = (
			);
			dependencies = (
			);
			name = "Morse Code Encoder";
			productName = "Morse Code Encoder";
			productReference = 2A15FE952D471077001B873D /* Morse Code Encoder.app */;
			productType = "com.apple.product-type.application";
		};
		2A15FEA52D471079001B873D /* Morse Code EncoderTests */ = {
			isa = PBXNativeTarget;
			buildConfigurationList = 2A15FEBD2D471079001B873D /* Build configuration list for PBXNativeTarget "Morse Code EncoderTests" */;
			buildPhases = (
				2A15FEA22D471079001B873D /* Sources */,
				2A15FEA32D471079001B873D /* Frameworks */,
				2A15FEA42D471079001B873D /* Resources */,
			);
			buildRules = (
			);
			dependencies = (
				2A15FEA82D471079001B873D /* PBXTargetDependency */,
			);
			name = "Morse Code EncoderTests";
			productName = "Morse Code EncoderTests";
			productReference = 2A15FEA62D471079001B873D /* Morse Code EncoderTests.xctest */;
			productType = "com.apple.product-type.bundle.unit-test";
		};
		2A15FEAF2D471079001B873D /* Morse Code EncoderUITests */ = {
			isa = PBXNativeTarget;
			buildConfigurationList = 2A15FEC02D471079001B873D /* Build configuration list for PBXNativeTarget "Morse Code EncoderUITests" */;
			buildPhases = (
				2A15FEAC2D471079001B873D /* Sources */,
				2A15FEAD2D471079001B873D /* Frameworks */,
				2A15FEAE2D471079001B873D /* Resources */,
			);
			buildRules = (
			);
			dependencies = (
				2A15FEB22D471079001B873D /* PBXTargetDependency */,
			);
			name = "Morse Code EncoderUITests";
			productName = "Morse Code EncoderUITests";
			productReference = 2A15FEB02D471079001B873D /* Morse Code EncoderUITests.xctest */;
			productType = "com.apple.product-type.bundle.ui-testing";
		};
/* End PBXNativeTarget section */

/* Begin PBXProject section */
		2A15FE8D2D471077001B873D /* Project object */ = {
			isa = PBXProject;
			attributes = {
				BuildIndependentTargetsInParallel = 1;
				LastSwiftUpdateCheck = 1540;
				LastUpgradeCheck = 1540;
				TargetAttributes = {
					2A15FE942D471077001B873D = {
						CreatedOnToolsVersion = 15.4;
					};
					2A15FEA52D471079001B873D = {
						CreatedOnToolsVersion = 15.4;
						TestTargetID = 2A15FE942D471077001B873D;
					};
					2A15FEAF2D471079001B873D = {
						CreatedOnToolsVersion = 15.4;
						TestTargetID = 2A15FE942D471077001B873D;
					};
				};
			};
			buildConfigurationList = 2A15FE902D471077001B873D /* Build configuration list for PBXProject "Morse Code Encoder" */;
			compatibilityVersion = "Xcode 14.0";
			developmentRegion = en;
			hasScannedForEncodings = 0;
			knownRegions = (
				en,
				Base,
			);
			mainGroup = 2A15FE8C2D471077001B873D;
			productRefGroup = 2A15FE962D471077001B873D /* Products */;
			projectDirPath = "";
			projectRoot = "";
			targets = (
				2A15FE942D471077001B873D /* Morse Code Encoder */,
				2A15FEA52D471079001B873D /* Morse Code EncoderTests */,
				2A15FEAF2D471079001B873D /* Morse Code EncoderUITests */,
			);
		};
/* End PBXProject section */

/* Begin PBXResourcesBuildPhase section */
		2A15FE932D471077001B873D /* Resources */ = {
			isa = PBXResourcesBuildPhase;
			buildActionMask = 2147483647;
			files = (
				2A15FEA12D471079001B873D /* Preview Assets.xcassets in Resources */,
				2A15FE9D2D471079001B873D /* Assets.xcassets in Resources */,
			);
			runOnlyForDeploymentPostprocessing = 0;
		};
		2A15FEA42D471079001B873D /* Resources */ = {
			isa = PBXResourcesBuildPhase;
			buildActionMask = 2147483647;
			files = (
			);
			runOnlyForDeploymentPostprocessing = 0;
		};
		2A15FEAE2D471079001B873D /* Resources */ = {
			isa = PBXResourcesBuildPhase;
			buildActionMask = 2147483647;
			files = (
			);
			runOnlyForDeploymentPostprocessing = 0;
		};
/* End PBXResourcesBuildPhase section */

/* Begin PBXSourcesBuildPhase section */
		2A15FE912D471077001B873D /* Sources */ = {
			isa = PBXSourcesBuildPhase;
			buildActionMask = 2147483647;
			files = (
				2A15FE9B2D471077001B873D /* ContentView.swift in Sources */,
				2A15FE992D471077001B873D /* Morse_Code_EncoderApp.swift in Sources */,
				2A15FEC42D553C53001B873D /* TranslatingView.swift in Sources */,
				2A15FEC82D553DCC001B873D /* MorseCode.swift in Sources */,
				2A15FECA2D553DEF001B873D /* FlashlightService.swift in Sources */,
			);
			runOnlyForDeploymentPostprocessing = 0;
		};
		2A15FEA22D471079001B873D /* Sources */ = {
			isa = PBXSourcesBuildPhase;
			buildActionMask = 2147483647;
			files = (
				2A15FEAB2D471079001B873D /* Morse_Code_EncoderTests.swift in Sources */,
			);
			runOnlyForDeploymentPostprocessing = 0;
		};
		2A15FEAC2D471079001B873D /* Sources */ = {
			isa = PBXSourcesBuildPhase;
			buildActionMask = 2147483647;
			files = (
				2A15FEB52D471079001B873D /* Morse_Code_EncoderUITests.swift in Sources */,
				2A15FEB72D471079001B873D /* Morse_Code_EncoderUITestsLaunchTests.swift in Sources */,
			);
			runOnlyForDeploymentPostprocessing = 0;
		};
/* End PBXSourcesBuildPhase section */

/* Begin PBXTargetDependency section */
		2A15FEA82D471079001B873D /* PBXTargetDependency */ = {
			isa = PBXTargetDependency;
			target = 2A15FE942D471077001B873D /* Morse Code Encoder */;
			targetProxy = 2A15FEA72D471079001B873D /* PBXContainerItemProxy */;
		};
		2A15FEB22D471079001B873D /* PBXTargetDependency */ = {
			isa = PBXTargetDependency;
			target = 2A15FE942D471077001B873D /* Morse Code Encoder */;
			targetProxy = 2A15FEB12D471079001B873D /* PBXContainerItemProxy */;
		};
/* End PBXTargetDependency section */

/* Begin XCBuildConfiguration section */
		2A15FEB82D471079001B873D /* Debug */ = {
			isa = XCBuildConfiguration;
			buildSettings = {
				ALWAYS_SEARCH_USER_PATHS = NO;
				ASSETCATALOG_COMPILER_GENERATE_SWIFT_ASSET_SYMBOL_EXTENSIONS = YES;
				CLANG_ANALYZER_NONNULL = YES;
				CLANG_ANALYZER_NUMBER_OBJECT_CONVERSION = YES_AGGRESSIVE;
				CLANG_CXX_LANGUAGE_STANDARD = "gnu++20";
				CLANG_ENABLE_MODULES = YES;
				CLANG_ENABLE_OBJC_ARC = YES;
				CLANG_ENABLE_OBJC_WEAK = YES;
				CLANG_WARN_BLOCK_CAPTURE_AUTORELEASING = YES;
				CLANG_WARN_BOOL_CONVERSION = YES;
				CLANG_WARN_COMMA = YES;
				CLANG_WARN_CONSTANT_CONVERSION = YES;
				CLANG_WARN_DEPRECATED_OBJC_IMPLEMENTATIONS = YES;
				CLANG_WARN_DIRECT_OBJC_ISA_USAGE = YES_ERROR;
				CLANG_WARN_DOCUMENTATION_COMMENTS = YES;
				CLANG_WARN_EMPTY_BODY = YES;
				CLANG_WARN_ENUM_CONVERSION = YES;
				CLANG_WARN_INFINITE_RECURSION = YES;
				CLANG_WARN_INT_CONVERSION = YES;
				CLANG_WARN_NON_LITERAL_NULL_CONVERSION = YES;
				CLANG_WARN_OBJC_IMPLICIT_RETAIN_SELF = YES;
				CLANG_WARN_OBJC_LITERAL_CONVERSION = YES;
				CLANG_WARN_OBJC_ROOT_CLASS = YES_ERROR;
				CLANG_WARN_QUOTED_INCLUDE_IN_FRAMEWORK_HEADER = YES;
				CLANG_WARN_RANGE_LOOP_ANALYSIS = YES;
				CLANG_WARN_STRICT_PROTOTYPES = YES;
				CLANG_WARN_SUSPICIOUS_MOVE = YES;
				CLANG_WARN_UNGUARDED_AVAILABILITY = YES_AGGRESSIVE;
				CLANG_WARN_UNREACHABLE_CODE = YES;
				CLANG_WARN__DUPLICATE_METHOD_MATCH = YES;
				COPY_PHASE_STRIP = NO;
				DEBUG_INFORMATION_FORMAT = dwarf;
				ENABLE_STRICT_OBJC_MSGSEND = YES;
				ENABLE_TESTABILITY = YES;
				ENABLE_USER_SCRIPT_SANDBOXING = YES;
				GCC_C_LANGUAGE_STANDARD = gnu17;
				GCC_DYNAMIC_NO_PIC = NO;
				GCC_NO_COMMON_BLOCKS = YES;
				GCC_OPTIMIZATION_LEVEL = 0;
				GCC_PREPROCESSOR_DEFINITIONS = (
					"DEBUG=1",
					"$(inherited)",
				);
				GCC_WARN_64_TO_32_BIT_CONVERSION = YES;
				GCC_WARN_ABOUT_RETURN_TYPE = YES_ERROR;
				GCC_WARN_UNDECLARED_SELECTOR = YES;
				GCC_WARN_UNINITIALIZED_AUTOS = YES_AGGRESSIVE;
				GCC_WARN_UNUSED_FUNCTION = YES;
				GCC_WARN_UNUSED_VARIABLE = YES;
				LOCALIZATION_PREFERS_STRING_CATALOGS = YES;
				MTL_ENABLE_DEBUG_INFO = INCLUDE_SOURCE;
				MTL_FAST_MATH = YES;
				ONLY_ACTIVE_ARCH = YES;
				SWIFT_ACTIVE_COMPILATION_CONDITIONS = "DEBUG $(inherited)";
				SWIFT_OPTIMIZATION_LEVEL = "-Onone";
			};
			name = Debug;
		};
		2A15FEB92D471079001B873D /* Release */ = {
			isa = XCBuildConfiguration;
			buildSettings = {
				ALWAYS_SEARCH_USER_PATHS = NO;
				ASSETCATALOG_COMPILER_GENERATE_SWIFT_ASSET_SYMBOL_EXTENSIONS = YES;
				CLANG_ANALYZER_NONNULL = YES;
				CLANG_ANALYZER_NUMBER_OBJECT_CONVERSION = YES_AGGRESSIVE;
				CLANG_CXX_LANGUAGE_STANDARD = "gnu++20";
				CLANG_ENABLE_MODULES = YES;
				CLANG_ENABLE_OBJC_ARC = YES;
				CLANG_ENABLE_OBJC_WEAK = YES;
				CLANG_WARN_BLOCK_CAPTURE_AUTORELEASING = YES;
				CLANG_WARN_BOOL_CONVERSION = YES;
				CLANG_WARN_COMMA = YES;
				CLANG_WARN_CONSTANT_CONVERSION = YES;
				CLANG_WARN_DEPRECATED_OBJC_IMPLEMENTATIONS = YES;
				CLANG_WARN_DIRECT_OBJC_ISA_USAGE = YES_ERROR;
				CLANG_WARN_DOCUMENTATION_COMMENTS = YES;
				CLANG_WARN_EMPTY_BODY = YES;
				CLANG_WARN_ENUM_CONVERSION = YES;
				CLANG_WARN_INFINITE_RECURSION = YES;
				CLANG_WARN_INT_CONVERSION = YES;
				CLANG_WARN_NON_LITERAL_NULL_CONVERSION = YES;
				CLANG_WARN_OBJC_IMPLICIT_RETAIN_SELF = YES;
				CLANG_WARN_OBJC_LITERAL_CONVERSION = YES;
				CLANG_WARN_OBJC_ROOT_CLASS = YES_ERROR;
				CLANG_WARN_QUOTED_INCLUDE_IN_FRAMEWORK_HEADER = YES;
				CLANG_WARN_RANGE_LOOP_ANALYSIS = YES;
				CLANG_WARN_STRICT_PROTOTYPES = YES;
				CLANG_WARN_SUSPICIOUS_MOVE = YES;
				CLANG_WARN_UNGUARDED_AVAILABILITY = YES_AGGRESSIVE;
				CLANG_WARN_UNREACHABLE_CODE = YES;
				CLANG_WARN__DUPLICATE_METHOD_MATCH = YES;
				COPY_PHASE_STRIP = NO;
				DEBUG_INFORMATION_FORMAT = "dwarf-with-dsym";
				ENABLE_NS_ASSERTIONS = NO;
				ENABLE_STRICT_OBJC_MSGSEND = YES;
				ENABLE_USER_SCRIPT_SANDBOXING = YES;
				GCC_C_LANGUAGE_STANDARD = gnu17;
				GCC_NO_COMMON_BLOCKS = YES;
				GCC_WARN_64_TO_32_BIT_CONVERSION = YES;
				GCC_WARN_ABOUT_RETURN_TYPE = YES_ERROR;
				GCC_WARN_UNDECLARED_SELECTOR = YES;
				GCC_WARN_UNINITIALIZED_AUTOS = YES_AGGRESSIVE;
				GCC_WARN_UNUSED_FUNCTION = YES;
				GCC_WARN_UNUSED_VARIABLE = YES;
				LOCALIZATION_PREFERS_STRING_CATALOGS = YES;
				MTL_ENABLE_DEBUG_INFO = NO;
				MTL_FAST_MATH = YES;
				SWIFT_COMPILATION_MODE = wholemodule;
			};
			name = Release;
		};
		2A15FEBB2D471079001B873D /* Debug */ = {
			isa = XCBuildConfiguration;
			buildSettings = {
				ASSETCATALOG_COMPILER_APPICON_NAME = AppIcon;
				ASSETCATALOG_COMPILER_GLOBAL_ACCENT_COLOR_NAME = AccentColor;
				CODE_SIGN_ENTITLEMENTS = "Morse Code Encoder/Morse_Code_Encoder.entitlements";
				CODE_SIGN_STYLE = Automatic;
				CURRENT_PROJECT_VERSION = 1;
				DEVELOPMENT_ASSET_PATHS = "\"Morse Code Encoder/Preview Content\"";
				ENABLE_PREVIEWS = YES;
				GENERATE_INFOPLIST_FILE = YES;
				"INFOPLIST_KEY_UIApplicationSceneManifest_Generation[sdk=iphoneos*]" = YES;
				"INFOPLIST_KEY_UIApplicationSceneManifest_Generation[sdk=iphonesimulator*]" = YES;
				"INFOPLIST_KEY_UIApplicationSupportsIndirectInputEvents[sdk=iphoneos*]" = YES;
				"INFOPLIST_KEY_UIApplicationSupportsIndirectInputEvents[sdk=iphonesimulator*]" = YES;
				"INFOPLIST_KEY_UILaunchScreen_Generation[sdk=iphoneos*]" = YES;
				"INFOPLIST_KEY_UILaunchScreen_Generation[sdk=iphonesimulator*]" = YES;
				"INFOPLIST_KEY_UIStatusBarStyle[sdk=iphoneos*]" = UIStatusBarStyleDefault;
				"INFOPLIST_KEY_UIStatusBarStyle[sdk=iphonesimulator*]" = UIStatusBarStyleDefault;
				INFOPLIST_KEY_UISupportedInterfaceOrientations_iPad = "UIInterfaceOrientationPortrait UIInterfaceOrientationPortraitUpsideDown UIInterfaceOrientationLandscapeLeft UIInterfaceOrientationLandscapeRight";
				INFOPLIST_KEY_UISupportedInterfaceOrientations_iPhone = "UIInterfaceOrientationPortrait UIInterfaceOrientationLandscapeLeft UIInterfaceOrientationLandscapeRight";
				IPHONEOS_DEPLOYMENT_TARGET = 17.5;
				LD_RUNPATH_SEARCH_PATHS = "@executable_path/Frameworks";
				"LD_RUNPATH_SEARCH_PATHS[sdk=macosx*]" = "@executable_path/../Frameworks";
				MACOSX_DEPLOYMENT_TARGET = 14.4;
				MARKETING_VERSION = 1.0;
				PRODUCT_BUNDLE_IDENTIFIER = "Miwi.Morse-Code-Encoder";
				PRODUCT_NAME = "$(TARGET_NAME)";
				SDKROOT = auto;
				SUPPORTED_PLATFORMS = "iphoneos iphonesimulator macosx";
				SWIFT_EMIT_LOC_STRINGS = YES;
				SWIFT_VERSION = 5.0;
				TARGETED_DEVICE_FAMILY = "1,2";
			};
			name = Debug;
		};
		2A15FEBC2D471079001B873D /* Release */ = {
			isa = XCBuildConfiguration;
			buildSettings = {
				ASSETCATALOG_COMPILER_APPICON_NAME = AppIcon;
				ASSETCATALOG_COMPILER_GLOBAL_ACCENT_COLOR_NAME = AccentColor;
				CODE_SIGN_ENTITLEMENTS = "Morse Code Encoder/Morse_Code_Encoder.entitlements";
				CODE_SIGN_STYLE = Automatic;
				CURRENT_PROJECT_VERSION = 1;
				DEVELOPMENT_ASSET_PATHS = "\"Morse Code Encoder/Preview Content\"";
				ENABLE_PREVIEWS = YES;
				GENERATE_INFOPLIST_FILE = YES;
				"INFOPLIST_KEY_UIApplicationSceneManifest_Generation[sdk=iphoneos*]" = YES;
				"INFOPLIST_KEY_UIApplicationSceneManifest_Generation[sdk=iphonesimulator*]" = YES;
				"INFOPLIST_KEY_UIApplicationSupportsIndirectInputEvents[sdk=iphoneos*]" = YES;
				"INFOPLIST_KEY_UIApplicationSupportsIndirectInputEvents[sdk=iphonesimulator*]" = YES;
				"INFOPLIST_KEY_UILaunchScreen_Generation[sdk=iphoneos*]" = YES;
				"INFOPLIST_KEY_UILaunchScreen_Generation[sdk=iphonesimulator*]" = YES;
				"INFOPLIST_KEY_UIStatusBarStyle[sdk=iphoneos*]" = UIStatusBarStyleDefault;
				"INFOPLIST_KEY_UIStatusBarStyle[sdk=iphonesimulator*]" = UIStatusBarStyleDefault;
				INFOPLIST_KEY_UISupportedInterfaceOrientations_iPad = "UIInterfaceOrientationPortrait UIInterfaceOrientationPortraitUpsideDown UIInterfaceOrientationLandscapeLeft UIInterfaceOrientationLandscapeRight";
				INFOPLIST_KEY_UISupportedInterfaceOrientations_iPhone = "UIInterfaceOrientationPortrait UIInterfaceOrientationLandscapeLeft UIInterfaceOrientationLandscapeRight";
				IPHONEOS_DEPLOYMENT_TARGET = 17.5;
				LD_RUNPATH_SEARCH_PATHS = "@executable_path/Frameworks";
				"LD_RUNPATH_SEARCH_PATHS[sdk=macosx*]" = "@executable_path/../Frameworks";
				MACOSX_DEPLOYMENT_TARGET = 14.4;
				MARKETING_VERSION = 1.0;
				PRODUCT_BUNDLE_IDENTIFIER = "Miwi.Morse-Code-Encoder";
				PRODUCT_NAME = "$(TARGET_NAME)";
				SDKROOT = auto;
				SUPPORTED_PLATFORMS = "iphoneos iphonesimulator macosx";
				SWIFT_EMIT_LOC_STRINGS = YES;
				SWIFT_VERSION = 5.0;
				TARGETED_DEVICE_FAMILY = "1,2";
			};
			name = Release;
		};
		2A15FEBE2D471079001B873D /* Debug */ = {
			isa = XCBuildConfiguration;
			buildSettings = {
				ALWAYS_EMBED_SWIFT_STANDARD_LIBRARIES = YES;
				BUNDLE_LOADER = "$(TEST_HOST)";
				CODE_SIGN_STYLE = Automatic;
				CURRENT_PROJECT_VERSION = 1;
				GENERATE_INFOPLIST_FILE = YES;
				IPHONEOS_DEPLOYMENT_TARGET = 17.5;
				MACOSX_DEPLOYMENT_TARGET = 14.4;
				MARKETING_VERSION = 1.0;
				PRODUCT_BUNDLE_IDENTIFIER = "Miwi.Morse-Code-EncoderTests";
				PRODUCT_NAME = "$(TARGET_NAME)";
				SDKROOT = auto;
				SUPPORTED_PLATFORMS = "iphoneos iphonesimulator macosx";
				SWIFT_EMIT_LOC_STRINGS = NO;
				SWIFT_VERSION = 5.0;
				TARGETED_DEVICE_FAMILY = "1,2";
				TEST_HOST = "$(BUILT_PRODUCTS_DIR)/Morse Code Encoder.app/$(BUNDLE_EXECUTABLE_FOLDER_PATH)/Morse Code Encoder";
			};
			name = Debug;
		};
		2A15FEBF2D471079001B873D /* Release */ = {
			isa = XCBuildConfiguration;
			buildSettings = {
				ALWAYS_EMBED_SWIFT_STANDARD_LIBRARIES = YES;
				BUNDLE_LOADER = "$(TEST_HOST)";
				CODE_SIGN_STYLE = Automatic;
				CURRENT_PROJECT_VERSION = 1;
				GENERATE_INFOPLIST_FILE = YES;
				IPHONEOS_DEPLOYMENT_TARGET = 17.5;
				MACOSX_DEPLOYMENT_TARGET = 14.4;
				MARKETING_VERSION = 1.0;
				PRODUCT_BUNDLE_IDENTIFIER = "Miwi.Morse-Code-EncoderTests";
				PRODUCT_NAME = "$(TARGET_NAME)";
				SDKROOT = auto;
				SUPPORTED_PLATFORMS = "iphoneos iphonesimulator macosx";
				SWIFT_EMIT_LOC_STRINGS = NO;
				SWIFT_VERSION = 5.0;
				TARGETED_DEVICE_FAMILY = "1,2";
				TEST_HOST = "$(BUILT_PRODUCTS_DIR)/Morse Code Encoder.app/$(BUNDLE_EXECUTABLE_FOLDER_PATH)/Morse Code Encoder";
			};
			name = Release;
		};
		2A15FEC12D471079001B873D /* Debug */ = {
			isa = XCBuildConfiguration;
			buildSettings = {
				ALWAYS_EMBED_SWIFT_STANDARD_LIBRARIES = YES;
				CODE_SIGN_STYLE = Automatic;
				CURRENT_PROJECT_VERSION = 1;
				GENERATE_INFOPLIST_FILE = YES;
				IPHONEOS_DEPLOYMENT_TARGET = 17.5;
				MACOSX_DEPLOYMENT_TARGET = 14.4;
				MARKETING_VERSION = 1.0;
				PRODUCT_BUNDLE_IDENTIFIER = "Miwi.Morse-Code-EncoderUITests";
				PRODUCT_NAME = "$(TARGET_NAME)";
				SDKROOT = auto;
				SUPPORTED_PLATFORMS = "iphoneos iphonesimulator macosx";
				SWIFT_EMIT_LOC_STRINGS = NO;
				SWIFT_VERSION = 5.0;
				TARGETED_DEVICE_FAMILY = "1,2";
				TEST_TARGET_NAME = "Morse Code Encoder";
			};
			name = Debug;
		};
		2A15FEC22D471079001B873D /* Release */ = {
			isa = XCBuildConfiguration;
			buildSettings = {
				ALWAYS_EMBED_SWIFT_STANDARD_LIBRARIES = YES;
				CODE_SIGN_STYLE = Automatic;
				CURRENT_PROJECT_VERSION = 1;
				GENERATE_INFOPLIST_FILE = YES;
				IPHONEOS_DEPLOYMENT_TARGET = 17.5;
				MACOSX_DEPLOYMENT_TARGET = 14.4;
				MARKETING_VERSION = 1.0;
				PRODUCT_BUNDLE_IDENTIFIER = "Miwi.Morse-Code-EncoderUITests";
				PRODUCT_NAME = "$(TARGET_NAME)";
				SDKROOT = auto;
				SUPPORTED_PLATFORMS = "iphoneos iphonesimulator macosx";
				SWIFT_EMIT_LOC_STRINGS = NO;
				SWIFT_VERSION = 5.0;
				TARGETED_DEVICE_FAMILY = "1,2";
				TEST_TARGET_NAME = "Morse Code Encoder";
			};
			name = Release;
		};
/* End XCBuildConfiguration section */

/* Begin XCConfigurationList section */
		2A15FE902D471077001B873D /* Build configuration list for PBXProject "Morse Code Encoder" */ = {
			isa = XCConfigurationList;
			buildConfigurations = (
				2A15FEB82D471079001B873D /* Debug */,
				2A15FEB92D471079001B873D /* Release */,
			);
			defaultConfigurationIsVisible = 0;
			defaultConfigurationName = Release;
		};
		2A15FEBA2D471079001B873D /* Build configuration list for PBXNativeTarget "Morse Code Encoder" */ = {
			isa = XCConfigurationList;
			buildConfigurations = (
				2A15FEBB2D471079001B873D /* Debug */,
				2A15FEBC2D471079001B873D /* Release */,
			);
			defaultConfigurationIsVisible = 0;
			defaultConfigurationName = Release;
		};
		2A15FEBD2D471079001B873D /* Build configuration list for PBXNativeTarget "Morse Code EncoderTests" */ = {
			isa = XCConfigurationList;
			buildConfigurations = (
				2A15FEBE2D471079001B873D /* Debug */,
				2A15FEBF2D471079001B873D /* Release */,
			);
			defaultConfigurationIsVisible = 0;
			defaultConfigurationName = Release;
		};
		2A15FEC02D471079001B873D /* Build configuration list for PBXNativeTarget "Morse Code EncoderUITests" */ = {
			isa = XCConfigurationList;
			buildConfigurations = (
				2A15FEC12D471079001B873D /* Debug */,
				2A15FEC22D471079001B873D /* Release */,
			);
			defaultConfigurationIsVisible = 0;
			defaultConfigurationName = Release;
		};
/* End XCConfigurationList section */
	};
	rootObject = 2A15FE8D2D471077001B873D /* Project object */;
}
